
Microsoft Visual Studio Solution File, Format Version 12.00
# Visual Studio Version 16
VisualStudioVersion = 16.0.29920.165
MinimumVisualStudioVersion = 10.0.40219.1
Project("{FAE04EC0-301F-11D3-BF4B-00C04F79EFBC}") = "WebApplication3", "WebApplication3\WebApplication3.csproj", "{8AA83B9A-F739-4518-9802-89E170DE4FDE}"
EndProject
Global
	GlobalSection(SolutionConfigurationPlatforms) = preSolution
		Debug|Any CPU = Debug|Any CPU
		Release|Any CPU = Release|Any CPU
	EndGlobalSection
	GlobalSection(ProjectConfigurationPlatforms) = postSolution
		{8AA83B9A-F739-4518-9802-89E170DE4FDE}.Debug|Any CPU.ActiveCfg = Debug|Any CPU
		{8AA83B9A-F739-4518-9802-89E170DE4FDE}.Debug|Any CPU.Build.0 = Debug|Any CPU
		{8AA83B9A-F739-4518-9802-89E170DE4FDE}.Release|Any CPU.ActiveCfg = Release|Any CPU
		{8AA83B9A-F739-4518-9802-89E170DE4FDE}.Release|Any CPU.Build.0 = Release|Any CPU
	EndGlobalSection
	GlobalSection(SolutionProperties) = preSolution
		HideSolutionNode = FALSE
	EndGlobalSection
	GlobalSection(ExtensibilityGlobals) = postSolution
		SolutionGuid = {12367F93-52E1-4B5D-9CCE-69C95E8A3B69}
	EndGlobalSection
EndGlobal
